
Microsoft Visual Studio Solution File, Format Version 12.00
# Visual Studio Version 17
VisualStudioVersion = 17.4.33122.133
MinimumVisualStudioVersion = 10.0.40219.1
Project("{FAE04EC0-301F-11D3-BF4B-00C04F79EFBC}") = "passwordmanager.Entities", "passwordmanager.Entities\passwordmanager.Entities.csproj", "{57CA7A5C-8C5B-4C49-82DE-37BF1BFB3566}"
EndProject
Project("{FAE04EC0-301F-11D3-BF4B-00C04F79EFBC}") = "passwordmanager.Business", "passwordmanager.Business\passwordmanager.Business.csproj", "{E720D50B-4A42-472A-A4A8-A9554BBD1003}"
EndProject
Project("{FAE04EC0-301F-11D3-BF4B-00C04F79EFBC}") = "passwordmanager.Core", "passwordmanager.Core\passwordmanager.Core.csproj", "{11230E89-2675-410F-BBB3-D1AEBB4B6D21}"
EndProject
Project("{FAE04EC0-301F-11D3-BF4B-00C04F79EFBC}") = "passwordmanager.DataAccess", "passwordmanager.DataAccess\passwordmanager.DataAccess.csproj", "{0740F84D-FD09-44D5-B0AA-9601F6B3CAFB}"
EndProject
Project("{FAE04EC0-301F-11D3-BF4B-00C04F79EFBC}") = "passwordmanager.WebUI", "passwordmanager.WebUI\passwordmanager.WebUI.csproj", "{EF045232-02D3-49CE-87B4-D494BC9B3716}"
EndProject
Global
	GlobalSection(SolutionConfigurationPlatforms) = preSolution
		Debug|Any CPU = Debug|Any CPU
		Release|Any CPU = Release|Any CPU
	EndGlobalSection
	GlobalSection(ProjectConfigurationPlatforms) = postSolution
		{57CA7A5C-8C5B-4C49-82DE-37BF1BFB3566}.Debug|Any CPU.ActiveCfg = Debug|Any CPU
		{57CA7A5C-8C5B-4C49-82DE-37BF1BFB3566}.Debug|Any CPU.Build.0 = Debug|Any CPU
		{57CA7A5C-8C5B-4C49-82DE-37BF1BFB3566}.Release|Any CPU.ActiveCfg = Release|Any CPU
		{57CA7A5C-8C5B-4C49-82DE-37BF1BFB3566}.Release|Any CPU.Build.0 = Release|Any CPU
		{E720D50B-4A42-472A-A4A8-A9554BBD1003}.Debug|Any CPU.ActiveCfg = Debug|Any CPU
		{E720D50B-4A42-472A-A4A8-A9554BBD1003}.Debug|Any CPU.Build.0 = Debug|Any CPU
		{E720D50B-4A42-472A-A4A8-A9554BBD1003}.Release|Any CPU.ActiveCfg = Release|Any CPU
		{E720D50B-4A42-472A-A4A8-A9554BBD1003}.Release|Any CPU.Build.0 = Release|Any CPU
		{11230E89-2675-410F-BBB3-D1AEBB4B6D21}.Debug|Any CPU.ActiveCfg = Debug|Any CPU
		{11230E89-2675-410F-BBB3-D1AEBB4B6D21}.Debug|Any CPU.Build.0 = Debug|Any CPU
		{11230E89-2675-410F-BBB3-D1AEBB4B6D21}.Release|Any CPU.ActiveCfg = Release|Any CPU
		{11230E89-2675-410F-BBB3-D1AEBB4B6D21}.Release|Any CPU.Build.0 = Release|Any CPU
		{0740F84D-FD09-44D5-B0AA-9601F6B3CAFB}.Debug|Any CPU.ActiveCfg = Debug|Any CPU
		{0740F84D-FD09-44D5-B0AA-9601F6B3CAFB}.Debug|Any CPU.Build.0 = Debug|Any CPU
		{0740F84D-FD09-44D5-B0AA-9601F6B3CAFB}.Release|Any CPU.ActiveCfg = Release|Any CPU
		{0740F84D-FD09-44D5-B0AA-9601F6B3CAFB}.Release|Any CPU.Build.0 = Release|Any CPU
		{EF045232-02D3-49CE-87B4-D494BC9B3716}.Debug|Any CPU.ActiveCfg = Debug|Any CPU
		{EF045232-02D3-49CE-87B4-D494BC9B3716}.Debug|Any CPU.Build.0 = Debug|Any CPU
		{EF045232-02D3-49CE-87B4-D494BC9B3716}.Release|Any CPU.ActiveCfg = Release|Any CPU
		{EF045232-02D3-49CE-87B4-D494BC9B3716}.Release|Any CPU.Build.0 = Release|Any CPU
	EndGlobalSection
	GlobalSection(SolutionProperties) = preSolution
		HideSolutionNode = FALSE
	EndGlobalSection
	GlobalSection(ExtensibilityGlobals) = postSolution
		SolutionGuid = {67736647-1D94-433B-951F-D938CDEC1F7A}
	EndGlobalSection
EndGlobal
